
Microsoft Visual Studio Solution File, Format Version 12.00
# Visual Studio Version 17
VisualStudioVersion = 17.12.35209.166
MinimumVisualStudioVersion = 10.0.40219.1
Project("{FAE04EC0-301F-11D3-BF4B-00C04F79EFBC}") = "Rollstone.Host", "Rollstone\Rollstone.Host.csproj", "{F2EF0864-D789-4F1A-A33C-380ABD331218}"
EndProject
Global
	GlobalSection(SolutionConfigurationPlatforms) = preSolution
		Debug|Any CPU = Debug|Any CPU
		Release|Any CPU = Release|Any CPU
	EndGlobalSection
	GlobalSection(ProjectConfigurationPlatforms) = postSolution
		{F2EF0864-D789-4F1A-A33C-380ABD331218}.Debug|Any CPU.ActiveCfg = Debug|Any CPU
		{F2EF0864-D789-4F1A-A33C-380ABD331218}.Debug|Any CPU.Build.0 = Debug|Any CPU
		{F2EF0864-D789-4F1A-A33C-380ABD331218}.Release|Any CPU.ActiveCfg = Release|Any CPU
		{F2EF0864-D789-4F1A-A33C-380ABD331218}.Release|Any CPU.Build.0 = Release|Any CPU
	EndGlobalSection
	GlobalSection(SolutionProperties) = preSolution
		HideSolutionNode = FALSE
	EndGlobalSection
	GlobalSection(ExtensibilityGlobals) = postSolution
		SolutionGuid = {ECB95E78-C4CB-4A02-B655-ABDD638FD880}
	EndGlobalSection
EndGlobal
